// !$*UTF8*$!
{
	archiveVersion = 1;
	classes = {
	};
	objectVersion = 46;
	objects = {

/* Begin PBXBuildFile section */
		5FA046871DEBB6470074BF1A /* AppDelegate.swift in Sources */ = {isa = PBXBuildFile; fileRef = 5FA046861DEBB6470074BF1A /* AppDelegate.swift */; };
		5FA046891DEBB6470074BF1A /* ViewController.swift in Sources */ = {isa = PBXBuildFile; fileRef = 5FA046881DEBB6470074BF1A /* ViewController.swift */; };
		5FA0468C1DEBB6470074BF1A /* Main.storyboard in Resources */ = {isa = PBXBuildFile; fileRef = 5FA0468A1DEBB6470074BF1A /* Main.storyboard */; };
		5FA0468E1DEBB6470074BF1A /* Assets.xcassets in Resources */ = {isa = PBXBuildFile; fileRef = 5FA0468D1DEBB6470074BF1A /* Assets.xcassets */; };
		5FA046911DEBB6470074BF1A /* LaunchScreen.storyboard in Resources */ = {isa = PBXBuildFile; fileRef = 5FA0468F1DEBB6470074BF1A /* LaunchScreen.storyboard */; };
/* End PBXBuildFile section */

/* Begin PBXFileReference section */
		5FA046831DEBB6470074BF1A /* AutoLayoutV7.app */ = {isa = PBXFileReference; explicitFileType = wrapper.application; includeInIndex = 0; path = AutoLayoutV7.app; sourceTree = BUILT_PRODUCTS_DIR; };
		5FA046861DEBB6470074BF1A /* AppDelegate.swift */ = {isa = PBXFileReference; lastKnownFileType = sourcecode.swift; path = AppDelegate.swift; sourceTree = "<group>"; };
		5FA046881DEBB6470074BF1A /* ViewController.swift */ = {isa = PBXFileReference; lastKnownFileType = sourcecode.swift; path = ViewController.swift; sourceTree = "<group>"; };
		5FA0468B1DEBB6470074BF1A /* Base */ = {isa = PBXFileReference; lastKnownFileType = file.storyboard; name = Base; path = Base.lproj/Main.storyboard; sourceTree = "<group>"; };
		5FA0468D1DEBB6470074BF1A /* Assets.xcassets */ = {isa = PBXFileReference; lastKnownFileType = folder.assetcatalog; path = Assets.xcassets; sourceTree = "<group>"; };
		5FA046901DEBB6470074BF1A /* Base */ = {isa = PBXFileReference; lastKnownFileType = file.storyboard; name = Base; path = Base.lproj/LaunchScreen.storyboard; sourceTree = "<group>"; };
		5FA046921DEBB6470074BF1A /* Info.plist */ = {isa = PBXFileReference; lastKnownFileType = text.plist.xml; path = Info.plist; sourceTree = "<group>"; };
/* End PBXFileReference section */

/* Begin PBXFrameworksBuildPhase section */
		5FA046801DEBB6460074BF1A /* Frameworks */ = {
			isa = PBXFrameworksBuildPhase;
			buildActionMask = 2147483647;
			files = (
			);
			runOnlyForDeploymentPostprocessing = 0;
		};
/* End PBXFrameworksBuildPhase section */

/* Begin PBXGroup section */
		5FA0467A1DEBB6460074BF1A = {
			isa = PBXGroup;
			children = (
				5FA046851DEBB6470074BF1A /* AutoLayoutV7 */,
				5FA046841DEBB6470074BF1A /* Products */,
			);
			sourceTree = "<group>";
		};
		5FA046841DEBB6470074BF1A /* Products */ = {
			isa = PBXGroup;
			children = (
				5FA046831DEBB6470074BF1A /* AutoLayoutV7.app */,
			);
			name = Products;
			sourceTree = "<group>";
		};
		5FA046851DEBB6470074BF1A /* AutoLayoutV7 */ = {
			isa = PBXGroup;
			children = (
				5FA046861DEBB6470074BF1A /* AppDelegate.swift */,
				5FA046881DEBB6470074BF1A /* ViewController.swift */,
				5FA0468A1DEBB6470074BF1A /* Main.storyboard */,
				5FA0468D1DEBB6470074BF1A /* Assets.xcassets */,
				5FA0468F1DEBB6470074BF1A /* LaunchScreen.storyboard */,
				5FA046921DEBB6470074BF1A /* Info.plist */,
			);
			path = AutoLayoutV7;
			sourceTree = "<group>";
		};
/* End PBXGroup section */

/* Begin PBXNativeTarget section */
		5FA046821DEBB6460074BF1A /* AutoLayoutV7 */ = {
			isa = PBXNativeTarget;
			buildConfigurationList = 5FA046951DEBB6470074BF1A /* Build configuration list for PBXNativeTarget "AutoLayoutV7" */;
			buildPhases = (
				5FA0467F1DEBB6460074BF1A /* Sources */,
				5FA046801DEBB6460074BF1A /* Frameworks */,
				5FA046811DEBB6460074BF1A /* Resources */,
			);
			buildRules = (
			);
			dependencies = (
			);
			name = AutoLayoutV7;
			productName = AutoLayoutV7;
			productReference = 5FA046831DEBB6470074BF1A /* AutoLayoutV7.app */;
			productType = "com.apple.product-type.application";
		};
/* End PBXNativeTarget section */

/* Begin PBXProject section */
		5FA0467B1DEBB6460074BF1A /* Project object */ = {
			isa = PBXProject;
			attributes = {
				LastSwiftUpdateCheck = 0810;
				LastUpgradeCheck = 0810;
				ORGANIZATIONNAME = "Luke Mann";
				TargetAttributes = {
					5FA046821DEBB6460074BF1A = {
						CreatedOnToolsVersion = 8.1;
						DevelopmentTeam = T9V623T29L;
						ProvisioningStyle = Automatic;
					};
				};
			};
			buildConfigurationList = 5FA0467E1DEBB6460074BF1A /* Build configuration list for PBXProject "AutoLayoutV7" */;
			compatibilityVersion = "Xcode 3.2";
			developmentRegion = English;
			hasScannedForEncodings = 0;
			knownRegions = (
				en,
				Base,
			);
			mainGroup = 5FA0467A1DEBB6460074BF1A;
			productRefGroup = 5FA046841DEBB6470074BF1A /* Products */;
			projectDirPath = "";
			projectRoot = "";
			targets = (
				5FA046821DEBB6460074BF1A /* AutoLayoutV7 */,
			);
		};
/* End PBXProject section */

/* Begin PBXResourcesBuildPhase section */
		5FA046811DEBB6460074BF1A /* Resources */ = {
			isa = PBXResourcesBuildPhase;
			buildActionMask = 2147483647;
			files = (
				5FA046911DEBB6470074BF1A /* LaunchScreen.storyboard in Resources */,
				5FA0468E1DEBB6470074BF1A /* Assets.xcassets in Resources */,
				5FA0468C1DEBB6470074BF1A /* Main.storyboard in Resources */,
			);
			runOnlyForDeploymentPostprocessing = 0;
		};
/* End PBXResourcesBuildPhase section */

/* Begin PBXSourcesBuildPhase section */
		5FA0467F1DEBB6460074BF1A /* Sources */ = {
			isa = PBXSourcesBuildPhase;
			buildActionMask = 2147483647;
			files = (
				5FA046891DEBB6470074BF1A /* ViewController.swift in Sources */,
				5FA046871DEBB6470074BF1A /* AppDelegate.swift in Sources */,
			);
			runOnlyForDeploymentPostprocessing = 0;
		};
/* End PBXSourcesBuildPhase section */

/* Begin PBXVariantGroup section */
		5FA0468A1DEBB6470074BF1A /* Main.storyboard */ = {
			isa = PBXVariantGroup;
			children = (
				5FA0468B1DEBB6470074BF1A /* Base */,
			);
			name = Main.storyboard;
			sourceTree = "<group>";
		};
		5FA0468F1DEBB6470074BF1A /* LaunchScreen.storyboard */ = {
			isa = PBXVariantGroup;
			children = (
				5FA046901DEBB6470074BF1A /* Base */,
			);
			name = LaunchScreen.storyboard;
			sourceTree = "<group>";
		};
/* End PBXVariantGroup section */

/* Begin XCBuildConfiguration section */
		5FA046931DEBB6470074BF1A /* Debug */ = {
			isa = XCBuildConfiguration;
			buildSettings = {
				ALWAYS_SEARCH_USER_PATHS = NO;
				CLANG_ANALYZER_NONNULL = YES;
				CLANG_CXX_LANGUAGE_STANDARD = "gnu++0x";
				CLANG_CXX_LIBRARY = "libc++";
				CLANG_ENABLE_MODULES = YES;
				CLANG_ENABLE_OBJC_ARC = YES;
				CLANG_WARN_BOOL_CONVERSION = YES;
				CLANG_WARN_CONSTANT_CONVERSION = YES;
				CLANG_WARN_DIRECT_OBJC_ISA_USAGE = YES_ERROR;
				CLANG_WARN_DOCUMENTATION_COMMENTS = YES;
				CLANG_WARN_EMPTY_BODY = YES;
				CLANG_WARN_ENUM_CONVERSION = YES;
				CLANG_WARN_INFINITE_RECURSION = YES;
				CLANG_WARN_INT_CONVERSION = YES;
				CLANG_WARN_OBJC_ROOT_CLASS = YES_ERROR;
				CLANG_WARN_SUSPICIOUS_MOVES = YES;
				CLANG_WARN_UNREACHABLE_CODE = YES;
				CLANG_WARN__DUPLICATE_METHOD_MATCH = YES;
				"CODE_SIGN_IDENTITY[sdk=iphoneos*]" = "iPhone Developer";
				COPY_PHASE_STRIP = NO;
				DEBUG_INFORMATION_FORMAT = dwarf;
				ENABLE_STRICT_OBJC_MSGSEND = YES;
				ENABLE_TESTABILITY = YES;
				GCC_C_LANGUAGE_STANDARD = gnu99;
				GCC_DYNAMIC_NO_PIC = NO;
				GCC_NO_COMMON_BLOCKS = YES;
				GCC_OPTIMIZATION_LEVEL = 0;
				GCC_PREPROCESSOR_DEFINITIONS = (
					"DEBUG=1",
					"$(inherited)",
				);
				GCC_WARN_64_TO_32_BIT_CONVERSION = YES;
				GCC_WARN_ABOUT_RETURN_TYPE = YES_ERROR;
				GCC_WARN_UNDECLARED_SELECTOR = YES;
				GCC_WARN_UNINITIALIZED_AUTOS = YES_AGGRESSIVE;
				GCC_WARN_UNUSED_FUNCTION = YES;
				GCC_WARN_UNUSED_VARIABLE = YES;
				IPHONEOS_DEPLOYMENT_TARGET = 10.1;
				MTL_ENABLE_DEBUG_INFO = YES;
				ONLY_ACTIVE_ARCH = YES;
				SDKROOT = iphoneos;
				SWIFT_ACTIVE_COMPILATION_CONDITIONS = DEBUG;
				SWIFT_OPTIMIZATION_LEVEL = "-Onone";
			};
			name = Debug;
		};
		5FA046941DEBB6470074BF1A /* Release */ = {
			isa = XCBuildConfiguration;
			buildSettings = {
				ALWAYS_SEARCH_USER_PATHS = NO;
				CLANG_ANALYZER_NONNULL = YES;
				CLANG_CXX_LANGUAGE_STANDARD = "gnu++0x";
				CLANG_CXX_LIBRARY = "libc++";
				CLANG_ENABLE_MODULES = YES;
				CLANG_ENABLE_OBJC_ARC = YES;
				CLANG_WARN_BOOL_CONVERSION = YES;
				CLANG_WARN_CONSTANT_CONVERSION = YES;
				CLANG_WARN_DIRECT_OBJC_ISA_USAGE = YES_ERROR;
				CLANG_WARN_DOCUMENTATION_COMMENTS = YES;
				CLANG_WARN_EMPTY_BODY = YES;
				CLANG_WARN_ENUM_CONVERSION = YES;
				CLANG_WARN_INFINITE_RECURSION = YES;
				CLANG_WARN_INT_CONVERSION = YES;
				CLANG_WARN_OBJC_ROOT_CLASS = YES_ERROR;
				CLANG_WARN_SUSPICIOUS_MOVES = YES;
				CLANG_WARN_UNREACHABLE_CODE = YES;
				CLANG_WARN__DUPLICATE_METHOD_MATCH = YES;
				"CODE_SIGN_IDENTITY[sdk=iphoneos*]" = "iPhone Developer";
				COPY_PHASE_STRIP = NO;
				DEBUG_INFORMATION_FORMAT = "dwarf-with-dsym";
				ENABLE_NS_ASSERTIONS = NO;
				ENABLE_STRICT_OBJC_MSGSEND = YES;
				GCC_C_LANGUAGE_STANDARD = gnu99;
				GCC_NO_COMMON_BLOCKS = YES;
				GCC_WARN_64_TO_32_BIT_CONVERSION = YES;
				GCC_WARN_ABOUT_RETURN_TYPE = YES_ERROR;
				GCC_WARN_UNDECLARED_SELECTOR = YES;
				GCC_WARN_UNINITIALIZED_AUTOS = YES_AGGRESSIVE;
				GCC_WARN_UNUSED_FUNCTION = YES;
				GCC_WARN_UNUSED_VARIABLE = YES;
				IPHONEOS_DEPLOYMENT_TARGET = 10.1;
				MTL_ENABLE_DEBUG_INFO = NO;
				SDKROOT = iphoneos;
				SWIFT_OPTIMIZATION_LEVEL = "-Owholemodule";
				VALIDATE_PRODUCT = YES;
			};
			name = Release;
		};
		5FA046961DEBB6470074BF1A /* Debug */ = {
			isa = XCBuildConfiguration;
			buildSettings = {
				ASSETCATALOG_COMPILER_APPICON_NAME = AppIcon;
				DEVELOPMENT_TEAM = T9V623T29L;
				INFOPLIST_FILE = AutoLayoutV7/Info.plist;
				LD_RUNPATH_SEARCH_PATHS = "$(inherited) @executable_path/Frameworks";
				PRODUCT_BUNDLE_IDENTIFIER = com.lukejmann.AutoLayoutV7;
				PRODUCT_NAME = "$(TARGET_NAME)";
				SWIFT_VERSION = 3.0;
			};
			name = Debug;
		};
		5FA046971DEBB6470074BF1A /* Release */ = {
			isa = XCBuildConfiguration;
			buildSettings = {
				ASSETCATALOG_COMPILER_APPICON_NAME = AppIcon;
				DEVELOPMENT_TEAM = T9V623T29L;
				INFOPLIST_FILE = AutoLayoutV7/Info.plist;
				LD_RUNPATH_SEARCH_PATHS = "$(inherited) @executable_path/Frameworks";
				PRODUCT_BUNDLE_IDENTIFIER = com.lukejmann.AutoLayoutV7;
				PRODUCT_NAME = "$(TARGET_NAME)";
				SWIFT_VERSION = 3.0;
			};
			name = Release;
		};
/* End XCBuildConfiguration section */

/* Begin XCConfigurationList section */
		5FA0467E1DEBB6460074BF1A /* Build configuration list for PBXProject "AutoLayoutV7" */ = {
			isa = XCConfigurationList;
			buildConfigurations = (
				5FA046931DEBB6470074BF1A /* Debug */,
				5FA046941DEBB6470074BF1A /* Release */,
			);
			defaultConfigurationIsVisible = 0;
			defaultConfigurationName = Release;
		};
		5FA046951DEBB6470074BF1A /* Build configuration list for PBXNativeTarget "AutoLayoutV7" */ = {
			isa = XCConfigurationList;
			buildConfigurations = (
				5FA046961DEBB6470074BF1A /* Debug */,
				5FA046971DEBB6470074BF1A /* Release */,
			);
			defaultConfigurationIsVisible = 0;
		};
/* End XCConfigurationList section */
	};
	rootObject = 5FA0467B1DEBB6460074BF1A /* Project object */;
}
